
Microsoft Visual Studio Solution File, Format Version 12.00
# Visual Studio 14
VisualStudioVersion = 14.0.25420.1
MinimumVisualStudioVersion = 10.0.40219.1
Project("{FAE04EC0-301F-11D3-BF4B-00C04F79EFBC}") = "21CardGame", "21CardGame\21CardGame.csproj", "{5B21E160-80C8-4C5F-9879-0ED9EBCC69BA}"
EndProject
Global
	GlobalSection(SolutionConfigurationPlatforms) = preSolution
		Debug|ARM = Debug|ARM
		Debug|x64 = Debug|x64
		Debug|x86 = Debug|x86
		Release|ARM = Release|ARM
		Release|x64 = Release|x64
		Release|x86 = Release|x86
	EndGlobalSection
	GlobalSection(ProjectConfigurationPlatforms) = postSolution
		{5B21E160-80C8-4C5F-9879-0ED9EBCC69BA}.Debug|ARM.ActiveCfg = Debug|ARM
		{5B21E160-80C8-4C5F-9879-0ED9EBCC69BA}.Debug|ARM.Build.0 = Debug|ARM
		{5B21E160-80C8-4C5F-9879-0ED9EBCC69BA}.Debug|ARM.Deploy.0 = Debug|ARM
		{5B21E160-80C8-4C5F-9879-0ED9EBCC69BA}.Debug|x64.ActiveCfg = Debug|x64
		{5B21E160-80C8-4C5F-9879-0ED9EBCC69BA}.Debug|x64.Build.0 = Debug|x64
		{5B21E160-80C8-4C5F-9879-0ED9EBCC69BA}.Debug|x64.Deploy.0 = Debug|x64
		{5B21E160-80C8-4C5F-9879-0ED9EBCC69BA}.Debug|x86.ActiveCfg = Debug|x86
		{5B21E160-80C8-4C5F-9879-0ED9EBCC69BA}.Debug|x86.Build.0 = Debug|x86
		{5B21E160-80C8-4C5F-9879-0ED9EBCC69BA}.Debug|x86.Deploy.0 = Debug|x86
		{5B21E160-80C8-4C5F-9879-0ED9EBCC69BA}.Release|ARM.ActiveCfg = Release|ARM
		{5B21E160-80C8-4C5F-9879-0ED9EBCC69BA}.Release|ARM.Build.0 = Release|ARM
		{5B21E160-80C8-4C5F-9879-0ED9EBCC69BA}.Release|ARM.Deploy.0 = Release|ARM
		{5B21E160-80C8-4C5F-9879-0ED9EBCC69BA}.Release|x64.ActiveCfg = Release|x64
		{5B21E160-80C8-4C5F-9879-0ED9EBCC69BA}.Release|x64.Build.0 = Release|x64
		{5B21E160-80C8-4C5F-9879-0ED9EBCC69BA}.Release|x64.Deploy.0 = Release|x64
		{5B21E160-80C8-4C5F-9879-0ED9EBCC69BA}.Release|x86.ActiveCfg = Release|x86
		{5B21E160-80C8-4C5F-9879-0ED9EBCC69BA}.Release|x86.Build.0 = Release|x86
		{5B21E160-80C8-4C5F-9879-0ED9EBCC69BA}.Release|x86.Deploy.0 = Release|x86
	EndGlobalSection
	GlobalSection(SolutionProperties) = preSolution
		HideSolutionNode = FALSE
	EndGlobalSection
EndGlobal
